// !$*UTF8*$!
{
	archiveVersion = 1;
	classes = {
	};
	objectVersion = 51;
	objects = {

/* Begin PBXBuildFile section */
		2887675226DE1BB600903D96 /* schema.json in Resources */ = {isa = PBXBuildFile; fileRef = 2887675126DE1BB600903D96 /* schema.json */; };
		2887675426DE51E900903D96 /* Apollo.swift in Sources */ = {isa = PBXBuildFile; fileRef = 2887675326DE51E900903D96 /* Apollo.swift */; };
		28C6969626D8CF420049FA1F /* AppDelegate.swift in Sources */ = {isa = PBXBuildFile; fileRef = 28C6969526D8CF420049FA1F /* AppDelegate.swift */; };
		28C6969826D8CF420049FA1F /* SceneDelegate.swift in Sources */ = {isa = PBXBuildFile; fileRef = 28C6969726D8CF420049FA1F /* SceneDelegate.swift */; };
		28C6969A26D8CF420049FA1F /* ViewController.swift in Sources */ = {isa = PBXBuildFile; fileRef = 28C6969926D8CF420049FA1F /* ViewController.swift */; };
		28C6969D26D8CF420049FA1F /* Main.storyboard in Resources */ = {isa = PBXBuildFile; fileRef = 28C6969B26D8CF420049FA1F /* Main.storyboard */; };
		28C6969F26D8CF430049FA1F /* Assets.xcassets in Resources */ = {isa = PBXBuildFile; fileRef = 28C6969E26D8CF430049FA1F /* Assets.xcassets */; };
		28C696A226D8CF430049FA1F /* LaunchScreen.storyboard in Resources */ = {isa = PBXBuildFile; fileRef = 28C696A026D8CF430049FA1F /* LaunchScreen.storyboard */; };
		28C696AD26D8CF430049FA1F /* ExampleGraphQLSubscriptionTests.swift in Sources */ = {isa = PBXBuildFile; fileRef = 28C696AC26D8CF430049FA1F /* ExampleGraphQLSubscriptionTests.swift */; };
		28C696B826D8CF430049FA1F /* ExampleGraphQLSubscriptionUITests.swift in Sources */ = {isa = PBXBuildFile; fileRef = 28C696B726D8CF430049FA1F /* ExampleGraphQLSubscriptionUITests.swift */; };
		28C696C626D8D29F0049FA1F /* ApolloNetwork.swift in Sources */ = {isa = PBXBuildFile; fileRef = 28C696C526D8D29F0049FA1F /* ApolloNetwork.swift */; };
		28C696C826D8D9DA0049FA1F /* Trade.swift in Sources */ = {isa = PBXBuildFile; fileRef = 28C696C726D8D9DA0049FA1F /* Trade.swift */; };
		28C696CD26D8E3D50049FA1F /* Queries.graphql in Resources */ = {isa = PBXBuildFile; fileRef = 28C696CC26D8E3D50049FA1F /* Queries.graphql */; };
		28C696D226D8EBD10049FA1F /* API.swift in Sources */ = {isa = PBXBuildFile; fileRef = 28C696D126D8EBD10049FA1F /* API.swift */; };
		39F7A50C056BB89DCBA70A79 /* Pods_ExampleGraphQLSubscriptionTests.framework in Frameworks */ = {isa = PBXBuildFile; fileRef = 1218E27F2DB559866B889010 /* Pods_ExampleGraphQLSubscriptionTests.framework */; };
		4CFF423BE180C42458F673FA /* Pods_ExampleGraphQLSubscription_ExampleGraphQLSubscriptionUITests.framework in Frameworks */ = {isa = PBXBuildFile; fileRef = B668143BCF3F8E14545B357E /* Pods_ExampleGraphQLSubscription_ExampleGraphQLSubscriptionUITests.framework */; };
		742E79514DCD99D787FFEBDF /* Pods_ExampleGraphQLSubscription.framework in Frameworks */ = {isa = PBXBuildFile; fileRef = D236E0E823A34FA3F6105755 /* Pods_ExampleGraphQLSubscription.framework */; };
/* End PBXBuildFile section */

/* Begin PBXContainerItemProxy section */
		28C696A926D8CF430049FA1F /* PBXContainerItemProxy */ = {
			isa = PBXContainerItemProxy;
			containerPortal = 28C6968A26D8CF420049FA1F /* Project object */;
			proxyType = 1;
			remoteGlobalIDString = 28C6969126D8CF420049FA1F;
			remoteInfo = ExampleGraphQLSubscription;
		};
		28C696B426D8CF430049FA1F /* PBXContainerItemProxy */ = {
			isa = PBXContainerItemProxy;
			containerPortal = 28C6968A26D8CF420049FA1F /* Project object */;
			proxyType = 1;
			remoteGlobalIDString = 28C6969126D8CF420049FA1F;
			remoteInfo = ExampleGraphQLSubscription;
		};
/* End PBXContainerItemProxy section */

/* Begin PBXFileReference section */
		07504BC29E236E4BB3E1E65A /* Pods-ExampleGraphQLSubscription.debug.xcconfig */ = {isa = PBXFileReference; includeInIndex = 1; lastKnownFileType = text.xcconfig; name = "Pods-ExampleGraphQLSubscription.debug.xcconfig"; path = "Target Support Files/Pods-ExampleGraphQLSubscription/Pods-ExampleGraphQLSubscription.debug.xcconfig"; sourceTree = "<group>"; };
		1218E27F2DB559866B889010 /* Pods_ExampleGraphQLSubscriptionTests.framework */ = {isa = PBXFileReference; explicitFileType = wrapper.framework; includeInIndex = 0; path = Pods_ExampleGraphQLSubscriptionTests.framework; sourceTree = BUILT_PRODUCTS_DIR; };
		15B8D6F3D2A9B0E399274E11 /* Pods-ExampleGraphQLSubscription-ExampleGraphQLSubscriptionUITests.release.xcconfig */ = {isa = PBXFileReference; includeInIndex = 1; lastKnownFileType = text.xcconfig; name = "Pods-ExampleGraphQLSubscription-ExampleGraphQLSubscriptionUITests.release.xcconfig"; path = "Target Support Files/Pods-ExampleGraphQLSubscription-ExampleGraphQLSubscriptionUITests/Pods-ExampleGraphQLSubscription-ExampleGraphQLSubscriptionUITests.release.xcconfig"; sourceTree = "<group>"; };
		2549DE6ADA6FFAF62866F706 /* Pods-ExampleGraphQLSubscriptionTests.debug.xcconfig */ = {isa = PBXFileReference; includeInIndex = 1; lastKnownFileType = text.xcconfig; name = "Pods-ExampleGraphQLSubscriptionTests.debug.xcconfig"; path = "Target Support Files/Pods-ExampleGraphQLSubscriptionTests/Pods-ExampleGraphQLSubscriptionTests.debug.xcconfig"; sourceTree = "<group>"; };
		2887675126DE1BB600903D96 /* schema.json */ = {isa = PBXFileReference; fileEncoding = 4; lastKnownFileType = text.json; path = schema.json; sourceTree = SOURCE_ROOT; };
		2887675326DE51E900903D96 /* Apollo.swift */ = {isa = PBXFileReference; lastKnownFileType = sourcecode.swift; path = Apollo.swift; sourceTree = "<group>"; };
		28C6969226D8CF420049FA1F /* ExampleGraphQLSubscription.app */ = {isa = PBXFileReference; explicitFileType = wrapper.application; includeInIndex = 0; path = ExampleGraphQLSubscription.app; sourceTree = BUILT_PRODUCTS_DIR; };
		28C6969526D8CF420049FA1F /* AppDelegate.swift */ = {isa = PBXFileReference; lastKnownFileType = sourcecode.swift; path = AppDelegate.swift; sourceTree = "<group>"; };
		28C6969726D8CF420049FA1F /* SceneDelegate.swift */ = {isa = PBXFileReference; lastKnownFileType = sourcecode.swift; path = SceneDelegate.swift; sourceTree = "<group>"; };
		28C6969926D8CF420049FA1F /* ViewController.swift */ = {isa = PBXFileReference; lastKnownFileType = sourcecode.swift; path = ViewController.swift; sourceTree = "<group>"; };
		28C6969C26D8CF420049FA1F /* Base */ = {isa = PBXFileReference; lastKnownFileType = file.storyboard; name = Base; path = Base.lproj/Main.storyboard; sourceTree = "<group>"; };
		28C6969E26D8CF430049FA1F /* Assets.xcassets */ = {isa = PBXFileReference; lastKnownFileType = folder.assetcatalog; path = Assets.xcassets; sourceTree = "<group>"; };
		28C696A126D8CF430049FA1F /* Base */ = {isa = PBXFileReference; lastKnownFileType = file.storyboard; name = Base; path = Base.lproj/LaunchScreen.storyboard; sourceTree = "<group>"; };
		28C696A326D8CF430049FA1F /* Info.plist */ = {isa = PBXFileReference; lastKnownFileType = text.plist.xml; path = Info.plist; sourceTree = "<group>"; };
		28C696A826D8CF430049FA1F /* ExampleGraphQLSubscriptionTests.xctest */ = {isa = PBXFileReference; explicitFileType = wrapper.cfbundle; includeInIndex = 0; path = ExampleGraphQLSubscriptionTests.xctest; sourceTree = BUILT_PRODUCTS_DIR; };
		28C696AC26D8CF430049FA1F /* ExampleGraphQLSubscriptionTests.swift */ = {isa = PBXFileReference; lastKnownFileType = sourcecode.swift; path = ExampleGraphQLSubscriptionTests.swift; sourceTree = "<group>"; };
		28C696AE26D8CF430049FA1F /* Info.plist */ = {isa = PBXFileReference; lastKnownFileType = text.plist.xml; path = Info.plist; sourceTree = "<group>"; };
		28C696B326D8CF430049FA1F /* ExampleGraphQLSubscriptionUITests.xctest */ = {isa = PBXFileReference; explicitFileType = wrapper.cfbundle; includeInIndex = 0; path = ExampleGraphQLSubscriptionUITests.xctest; sourceTree = BUILT_PRODUCTS_DIR; };
		28C696B726D8CF430049FA1F /* ExampleGraphQLSubscriptionUITests.swift */ = {isa = PBXFileReference; lastKnownFileType = sourcecode.swift; path = ExampleGraphQLSubscriptionUITests.swift; sourceTree = "<group>"; };
		28C696B926D8CF430049FA1F /* Info.plist */ = {isa = PBXFileReference; lastKnownFileType = text.plist.xml; path = Info.plist; sourceTree = "<group>"; };
		28C696C526D8D29F0049FA1F /* ApolloNetwork.swift */ = {isa = PBXFileReference; lastKnownFileType = sourcecode.swift; path = ApolloNetwork.swift; sourceTree = "<group>"; };
		28C696C726D8D9DA0049FA1F /* Trade.swift */ = {isa = PBXFileReference; lastKnownFileType = sourcecode.swift; path = Trade.swift; sourceTree = "<group>"; };
		28C696CC26D8E3D50049FA1F /* Queries.graphql */ = {isa = PBXFileReference; lastKnownFileType = text; path = Queries.graphql; sourceTree = "<group>"; };
		28C696D126D8EBD10049FA1F /* API.swift */ = {isa = PBXFileReference; fileEncoding = 4; lastKnownFileType = sourcecode.swift; name = API.swift; path = ExampleGraphQLSubscription/API.swift; sourceTree = SOURCE_ROOT; };
		43C6027BC937C2222CD1AF1A /* Pods-ExampleGraphQLSubscription-ExampleGraphQLSubscriptionUITests.debug.xcconfig */ = {isa = PBXFileReference; includeInIndex = 1; lastKnownFileType = text.xcconfig; name = "Pods-ExampleGraphQLSubscription-ExampleGraphQLSubscriptionUITests.debug.xcconfig"; path = "Target Support Files/Pods-ExampleGraphQLSubscription-ExampleGraphQLSubscriptionUITests/Pods-ExampleGraphQLSubscription-ExampleGraphQLSubscriptionUITests.debug.xcconfig"; sourceTree = "<group>"; };
		A42618C1D6B1328BBF91BE06 /* Pods-ExampleGraphQLSubscriptionTests.release.xcconfig */ = {isa = PBXFileReference; includeInIndex = 1; lastKnownFileType = text.xcconfig; name = "Pods-ExampleGraphQLSubscriptionTests.release.xcconfig"; path = "Target Support Files/Pods-ExampleGraphQLSubscriptionTests/Pods-ExampleGraphQLSubscriptionTests.release.xcconfig"; sourceTree = "<group>"; };
		B668143BCF3F8E14545B357E /* Pods_ExampleGraphQLSubscription_ExampleGraphQLSubscriptionUITests.framework */ = {isa = PBXFileReference; explicitFileType = wrapper.framework; includeInIndex = 0; path = Pods_ExampleGraphQLSubscription_ExampleGraphQLSubscriptionUITests.framework; sourceTree = BUILT_PRODUCTS_DIR; };
		C0113D5738674EA292061020 /* Pods-ExampleGraphQLSubscription.release.xcconfig */ = {isa = PBXFileReference; includeInIndex = 1; lastKnownFileType = text.xcconfig; name = "Pods-ExampleGraphQLSubscription.release.xcconfig"; path = "Target Support Files/Pods-ExampleGraphQLSubscription/Pods-ExampleGraphQLSubscription.release.xcconfig"; sourceTree = "<group>"; };
		D236E0E823A34FA3F6105755 /* Pods_ExampleGraphQLSubscription.framework */ = {isa = PBXFileReference; explicitFileType = wrapper.framework; includeInIndex = 0; path = Pods_ExampleGraphQLSubscription.framework; sourceTree = BUILT_PRODUCTS_DIR; };
/* End PBXFileReference section */

/* Begin PBXFrameworksBuildPhase section */
		28C6968F26D8CF420049FA1F /* Frameworks */ = {
			isa = PBXFrameworksBuildPhase;
			buildActionMask = 2147483647;
			files = (
				742E79514DCD99D787FFEBDF /* Pods_ExampleGraphQLSubscription.framework in Frameworks */,
			);
			runOnlyForDeploymentPostprocessing = 0;
		};
		28C696A526D8CF430049FA1F /* Frameworks */ = {
			isa = PBXFrameworksBuildPhase;
			buildActionMask = 2147483647;
			files = (
				39F7A50C056BB89DCBA70A79 /* Pods_ExampleGraphQLSubscriptionTests.framework in Frameworks */,
			);
			runOnlyForDeploymentPostprocessing = 0;
		};
		28C696B026D8CF430049FA1F /* Frameworks */ = {
			isa = PBXFrameworksBuildPhase;
			buildActionMask = 2147483647;
			files = (
				4CFF423BE180C42458F673FA /* Pods_ExampleGraphQLSubscription_ExampleGraphQLSubscriptionUITests.framework in Frameworks */,
			);
			runOnlyForDeploymentPostprocessing = 0;
		};
/* End PBXFrameworksBuildPhase section */

/* Begin PBXGroup section */
		0921CBA433592A9B52B46A16 /* Frameworks */ = {
			isa = PBXGroup;
			children = (
				D236E0E823A34FA3F6105755 /* Pods_ExampleGraphQLSubscription.framework */,
				B668143BCF3F8E14545B357E /* Pods_ExampleGraphQLSubscription_ExampleGraphQLSubscriptionUITests.framework */,
				1218E27F2DB559866B889010 /* Pods_ExampleGraphQLSubscriptionTests.framework */,
			);
			name = Frameworks;
			sourceTree = "<group>";
		};
		28C6968926D8CF420049FA1F = {
			isa = PBXGroup;
			children = (
				28C6969426D8CF420049FA1F /* ExampleGraphQLSubscription */,
				28C696AB26D8CF430049FA1F /* ExampleGraphQLSubscriptionTests */,
				28C696B626D8CF430049FA1F /* ExampleGraphQLSubscriptionUITests */,
				28C6969326D8CF420049FA1F /* Products */,
				FA8AA2D825D7E40CC0E09B18 /* Pods */,
				0921CBA433592A9B52B46A16 /* Frameworks */,
			);
			sourceTree = "<group>";
		};
		28C6969326D8CF420049FA1F /* Products */ = {
			isa = PBXGroup;
			children = (
				28C6969226D8CF420049FA1F /* ExampleGraphQLSubscription.app */,
				28C696A826D8CF430049FA1F /* ExampleGraphQLSubscriptionTests.xctest */,
				28C696B326D8CF430049FA1F /* ExampleGraphQLSubscriptionUITests.xctest */,
			);
			name = Products;
			sourceTree = "<group>";
		};
		28C6969426D8CF420049FA1F /* ExampleGraphQLSubscription */ = {
			isa = PBXGroup;
			children = (
				28C6969526D8CF420049FA1F /* AppDelegate.swift */,
				28C6969726D8CF420049FA1F /* SceneDelegate.swift */,
				28C6969926D8CF420049FA1F /* ViewController.swift */,
				2887675326DE51E900903D96 /* Apollo.swift */,
				28C696C726D8D9DA0049FA1F /* Trade.swift */,
				2887675126DE1BB600903D96 /* schema.json */,
				28C696C926D8E3B60049FA1F /* GraphQL */,
				28C696C526D8D29F0049FA1F /* ApolloNetwork.swift */,
				28C6969B26D8CF420049FA1F /* Main.storyboard */,
				28C6969E26D8CF430049FA1F /* Assets.xcassets */,
				28C696A026D8CF430049FA1F /* LaunchScreen.storyboard */,
				28C696A326D8CF430049FA1F /* Info.plist */,
			);
			path = ExampleGraphQLSubscription;
			sourceTree = "<group>";
		};
		28C696AB26D8CF430049FA1F /* ExampleGraphQLSubscriptionTests */ = {
			isa = PBXGroup;
			children = (
				28C696AC26D8CF430049FA1F /* ExampleGraphQLSubscriptionTests.swift */,
				28C696AE26D8CF430049FA1F /* Info.plist */,
			);
			path = ExampleGraphQLSubscriptionTests;
			sourceTree = "<group>";
		};
		28C696B626D8CF430049FA1F /* ExampleGraphQLSubscriptionUITests */ = {
			isa = PBXGroup;
			children = (
				28C696B726D8CF430049FA1F /* ExampleGraphQLSubscriptionUITests.swift */,
				28C696B926D8CF430049FA1F /* Info.plist */,
			);
			path = ExampleGraphQLSubscriptionUITests;
			sourceTree = "<group>";
		};
		28C696C926D8E3B60049FA1F /* GraphQL */ = {
			isa = PBXGroup;
			children = (
				28C696D126D8EBD10049FA1F /* API.swift */,
				28C696CC26D8E3D50049FA1F /* Queries.graphql */,
			);
			path = GraphQL;
			sourceTree = "<group>";
		};
		FA8AA2D825D7E40CC0E09B18 /* Pods */ = {
			isa = PBXGroup;
			children = (
				07504BC29E236E4BB3E1E65A /* Pods-ExampleGraphQLSubscription.debug.xcconfig */,
				C0113D5738674EA292061020 /* Pods-ExampleGraphQLSubscription.release.xcconfig */,
				43C6027BC937C2222CD1AF1A /* Pods-ExampleGraphQLSubscription-ExampleGraphQLSubscriptionUITests.debug.xcconfig */,
				15B8D6F3D2A9B0E399274E11 /* Pods-ExampleGraphQLSubscription-ExampleGraphQLSubscriptionUITests.release.xcconfig */,
				2549DE6ADA6FFAF62866F706 /* Pods-ExampleGraphQLSubscriptionTests.debug.xcconfig */,
				A42618C1D6B1328BBF91BE06 /* Pods-ExampleGraphQLSubscriptionTests.release.xcconfig */,
			);
			path = Pods;
			sourceTree = "<group>";
		};
/* End PBXGroup section */

/* Begin PBXNativeTarget section */
		28C6969126D8CF420049FA1F /* ExampleGraphQLSubscription */ = {
			isa = PBXNativeTarget;
			buildConfigurationList = 28C696BC26D8CF430049FA1F /* Build configuration list for PBXNativeTarget "ExampleGraphQLSubscription" */;
			buildPhases = (
				28C696CE26D8E41A0049FA1F /* Generate Apollo GraphQL API */,
				3BD9E72B5CD5A8F2A6019128 /* [CP] Check Pods Manifest.lock */,
				28C6968E26D8CF420049FA1F /* Sources */,
				28C6968F26D8CF420049FA1F /* Frameworks */,
				28C6969026D8CF420049FA1F /* Resources */,
				9263AC19F50E40BAAEE2967E /* [CP] Embed Pods Frameworks */,
			);
			buildRules = (
			);
			dependencies = (
			);
			name = ExampleGraphQLSubscription;
			productName = ExampleGraphQLSubscription;
			productReference = 28C6969226D8CF420049FA1F /* ExampleGraphQLSubscription.app */;
			productType = "com.apple.product-type.application";
		};
		28C696A726D8CF430049FA1F /* ExampleGraphQLSubscriptionTests */ = {
			isa = PBXNativeTarget;
			buildConfigurationList = 28C696BF26D8CF430049FA1F /* Build configuration list for PBXNativeTarget "ExampleGraphQLSubscriptionTests" */;
			buildPhases = (
				29AF858AF329ABE48F7CD5A3 /* [CP] Check Pods Manifest.lock */,
				28C696A426D8CF430049FA1F /* Sources */,
				28C696A526D8CF430049FA1F /* Frameworks */,
				28C696A626D8CF430049FA1F /* Resources */,
			);
			buildRules = (
			);
			dependencies = (
				28C696AA26D8CF430049FA1F /* PBXTargetDependency */,
			);
			name = ExampleGraphQLSubscriptionTests;
			productName = ExampleGraphQLSubscriptionTests;
			productReference = 28C696A826D8CF430049FA1F /* ExampleGraphQLSubscriptionTests.xctest */;
			productType = "com.apple.product-type.bundle.unit-test";
		};
		28C696B226D8CF430049FA1F /* ExampleGraphQLSubscriptionUITests */ = {
			isa = PBXNativeTarget;
			buildConfigurationList = 28C696C226D8CF430049FA1F /* Build configuration list for PBXNativeTarget "ExampleGraphQLSubscriptionUITests" */;
			buildPhases = (
				7C55C48BA550C8C98DBEE649 /* [CP] Check Pods Manifest.lock */,
				28C696AF26D8CF430049FA1F /* Sources */,
				28C696B026D8CF430049FA1F /* Frameworks */,
				28C696B126D8CF430049FA1F /* Resources */,
				6450005E5F973A29BFB9CF0D /* [CP] Embed Pods Frameworks */,
			);
			buildRules = (
			);
			dependencies = (
				28C696B526D8CF430049FA1F /* PBXTargetDependency */,
			);
			name = ExampleGraphQLSubscriptionUITests;
			productName = ExampleGraphQLSubscriptionUITests;
			productReference = 28C696B326D8CF430049FA1F /* ExampleGraphQLSubscriptionUITests.xctest */;
			productType = "com.apple.product-type.bundle.ui-testing";
		};
/* End PBXNativeTarget section */

/* Begin PBXProject section */
		28C6968A26D8CF420049FA1F /* Project object */ = {
			isa = PBXProject;
			attributes = {
				LastSwiftUpdateCheck = 1250;
				LastUpgradeCheck = 1250;
				TargetAttributes = {
					28C6969126D8CF420049FA1F = {
						CreatedOnToolsVersion = 12.5.1;
					};
					28C696A726D8CF430049FA1F = {
						CreatedOnToolsVersion = 12.5.1;
						TestTargetID = 28C6969126D8CF420049FA1F;
					};
					28C696B226D8CF430049FA1F = {
						CreatedOnToolsVersion = 12.5.1;
						TestTargetID = 28C6969126D8CF420049FA1F;
					};
				};
			};
			buildConfigurationList = 28C6968D26D8CF420049FA1F /* Build configuration list for PBXProject "ExampleGraphQLSubscription" */;
			compatibilityVersion = "Xcode 9.3";
			developmentRegion = en;
			hasScannedForEncodings = 0;
			knownRegions = (
				en,
				Base,
			);
			mainGroup = 28C6968926D8CF420049FA1F;
			productRefGroup = 28C6969326D8CF420049FA1F /* Products */;
			projectDirPath = "";
			projectRoot = "";
			targets = (
				28C6969126D8CF420049FA1F /* ExampleGraphQLSubscription */,
				28C696A726D8CF430049FA1F /* ExampleGraphQLSubscriptionTests */,
				28C696B226D8CF430049FA1F /* ExampleGraphQLSubscriptionUITests */,
			);
		};
/* End PBXProject section */

/* Begin PBXResourcesBuildPhase section */
		28C6969026D8CF420049FA1F /* Resources */ = {
			isa = PBXResourcesBuildPhase;
			buildActionMask = 2147483647;
			files = (
				28C696A226D8CF430049FA1F /* LaunchScreen.storyboard in Resources */,
				2887675226DE1BB600903D96 /* schema.json in Resources */,
				28C6969F26D8CF430049FA1F /* Assets.xcassets in Resources */,
				28C696CD26D8E3D50049FA1F /* Queries.graphql in Resources */,
				28C6969D26D8CF420049FA1F /* Main.storyboard in Resources */,
			);
			runOnlyForDeploymentPostprocessing = 0;
		};
		28C696A626D8CF430049FA1F /* Resources */ = {
			isa = PBXResourcesBuildPhase;
			buildActionMask = 2147483647;
			files = (
			);
			runOnlyForDeploymentPostprocessing = 0;
		};
		28C696B126D8CF430049FA1F /* Resources */ = {
			isa = PBXResourcesBuildPhase;
			buildActionMask = 2147483647;
			files = (
			);
			runOnlyForDeploymentPostprocessing = 0;
		};
/* End PBXResourcesBuildPhase section */

/* Begin PBXShellScriptBuildPhase section */
		28C696CE26D8E41A0049FA1F /* Generate Apollo GraphQL API */ = {
			isa = PBXShellScriptBuildPhase;
			buildActionMask = 2147483647;
			files = (
			);
			inputFileListPaths = (
			);
			inputPaths = (
			);
			name = "Generate Apollo GraphQL API";
			outputFileListPaths = (
			);
			outputPaths = (
			);
			runOnlyForDeploymentPostprocessing = 0;
			shellPath = /bin/sh;
			shellScript = "SCRIPT_PATH=\"${PODS_ROOT}/Apollo/scripts\"\ncd \"${SRCROOT}/${TARGET_NAME}\"\n\"${SCRIPT_PATH}\"/run-bundled-codegen.sh codegen:generate --target=swift --includes=./**/*.graphql --localSchemaFile=\"schema.json\" API.swift\n";
			showEnvVarsInLog = 0;
		};
		29AF858AF329ABE48F7CD5A3 /* [CP] Check Pods Manifest.lock */ = {
			isa = PBXShellScriptBuildPhase;
			buildActionMask = 2147483647;
			files = (
			);
			inputFileListPaths = (
			);
			inputPaths = (
				"${PODS_PODFILE_DIR_PATH}/Podfile.lock",
				"${PODS_ROOT}/Manifest.lock",
			);
			name = "[CP] Check Pods Manifest.lock";
			outputFileListPaths = (
			);
			outputPaths = (
				"$(DERIVED_FILE_DIR)/Pods-ExampleGraphQLSubscriptionTests-checkManifestLockResult.txt",
			);
			runOnlyForDeploymentPostprocessing = 0;
			shellPath = /bin/sh;
			shellScript = "diff \"${PODS_PODFILE_DIR_PATH}/Podfile.lock\" \"${PODS_ROOT}/Manifest.lock\" > /dev/null\nif [ $? != 0 ] ; then\n    # print error to STDERR\n    echo \"error: The sandbox is not in sync with the Podfile.lock. Run 'pod install' or update your CocoaPods installation.\" >&2\n    exit 1\nfi\n# This output is used by Xcode 'outputs' to avoid re-running this script phase.\necho \"SUCCESS\" > \"${SCRIPT_OUTPUT_FILE_0}\"\n";
			showEnvVarsInLog = 0;
		};
		3BD9E72B5CD5A8F2A6019128 /* [CP] Check Pods Manifest.lock */ = {
			isa = PBXShellScriptBuildPhase;
			buildActionMask = 2147483647;
			files = (
			);
			inputFileListPaths = (
			);
			inputPaths = (
				"${PODS_PODFILE_DIR_PATH}/Podfile.lock",
				"${PODS_ROOT}/Manifest.lock",
			);
			name = "[CP] Check Pods Manifest.lock";
			outputFileListPaths = (
			);
			outputPaths = (
				"$(DERIVED_FILE_DIR)/Pods-ExampleGraphQLSubscription-checkManifestLockResult.txt",
			);
			runOnlyForDeploymentPostprocessing = 0;
			shellPath = /bin/sh;
			shellScript = "diff \"${PODS_PODFILE_DIR_PATH}/Podfile.lock\" \"${PODS_ROOT}/Manifest.lock\" > /dev/null\nif [ $? != 0 ] ; then\n    # print error to STDERR\n    echo \"error: The sandbox is not in sync with the Podfile.lock. Run 'pod install' or update your CocoaPods installation.\" >&2\n    exit 1\nfi\n# This output is used by Xcode 'outputs' to avoid re-running this script phase.\necho \"SUCCESS\" > \"${SCRIPT_OUTPUT_FILE_0}\"\n";
			showEnvVarsInLog = 0;
		};
		6450005E5F973A29BFB9CF0D /* [CP] Embed Pods Frameworks */ = {
			isa = PBXShellScriptBuildPhase;
			buildActionMask = 2147483647;
			files = (
			);
			inputFileListPaths = (
				"${PODS_ROOT}/Target Support Files/Pods-ExampleGraphQLSubscription-ExampleGraphQLSubscriptionUITests/Pods-ExampleGraphQLSubscription-ExampleGraphQLSubscriptionUITests-frameworks-${CONFIGURATION}-input-files.xcfilelist",
			);
			name = "[CP] Embed Pods Frameworks";
			outputFileListPaths = (
				"${PODS_ROOT}/Target Support Files/Pods-ExampleGraphQLSubscription-ExampleGraphQLSubscriptionUITests/Pods-ExampleGraphQLSubscription-ExampleGraphQLSubscriptionUITests-frameworks-${CONFIGURATION}-output-files.xcfilelist",
			);
			runOnlyForDeploymentPostprocessing = 0;
			shellPath = /bin/sh;
			shellScript = "\"${PODS_ROOT}/Target Support Files/Pods-ExampleGraphQLSubscription-ExampleGraphQLSubscriptionUITests/Pods-ExampleGraphQLSubscription-ExampleGraphQLSubscriptionUITests-frameworks.sh\"\n";
			showEnvVarsInLog = 0;
		};
		7C55C48BA550C8C98DBEE649 /* [CP] Check Pods Manifest.lock */ = {
			isa = PBXShellScriptBuildPhase;
			buildActionMask = 2147483647;
			files = (
			);
			inputFileListPaths = (
			);
			inputPaths = (
				"${PODS_PODFILE_DIR_PATH}/Podfile.lock",
				"${PODS_ROOT}/Manifest.lock",
			);
			name = "[CP] Check Pods Manifest.lock";
			outputFileListPaths = (
			);
			outputPaths = (
				"$(DERIVED_FILE_DIR)/Pods-ExampleGraphQLSubscription-ExampleGraphQLSubscriptionUITests-checkManifestLockResult.txt",
			);
			runOnlyForDeploymentPostprocessing = 0;
			shellPath = /bin/sh;
			shellScript = "diff \"${PODS_PODFILE_DIR_PATH}/Podfile.lock\" \"${PODS_ROOT}/Manifest.lock\" > /dev/null\nif [ $? != 0 ] ; then\n    # print error to STDERR\n    echo \"error: The sandbox is not in sync with the Podfile.lock. Run 'pod install' or update your CocoaPods installation.\" >&2\n    exit 1\nfi\n# This output is used by Xcode 'outputs' to avoid re-running this script phase.\necho \"SUCCESS\" > \"${SCRIPT_OUTPUT_FILE_0}\"\n";
			showEnvVarsInLog = 0;
		};
		9263AC19F50E40BAAEE2967E /* [CP] Embed Pods Frameworks */ = {
			isa = PBXShellScriptBuildPhase;
			buildActionMask = 2147483647;
			files = (
			);
			inputFileListPaths = (
				"${PODS_ROOT}/Target Support Files/Pods-ExampleGraphQLSubscription/Pods-ExampleGraphQLSubscription-frameworks-${CONFIGURATION}-input-files.xcfilelist",
			);
			name = "[CP] Embed Pods Frameworks";
			outputFileListPaths = (
				"${PODS_ROOT}/Target Support Files/Pods-ExampleGraphQLSubscription/Pods-ExampleGraphQLSubscription-frameworks-${CONFIGURATION}-output-files.xcfilelist",
			);
			runOnlyForDeploymentPostprocessing = 0;
			shellPath = /bin/sh;
			shellScript = "\"${PODS_ROOT}/Target Support Files/Pods-ExampleGraphQLSubscription/Pods-ExampleGraphQLSubscription-frameworks.sh\"\n";
			showEnvVarsInLog = 0;
		};
/* End PBXShellScriptBuildPhase section */

/* Begin PBXSourcesBuildPhase section */
		28C6968E26D8CF420049FA1F /* Sources */ = {
			isa = PBXSourcesBuildPhase;
			buildActionMask = 2147483647;
			files = (
				28C696C826D8D9DA0049FA1F /* Trade.swift in Sources */,
				28C6969A26D8CF420049FA1F /* ViewController.swift in Sources */,
				28C6969626D8CF420049FA1F /* AppDelegate.swift in Sources */,
				2887675426DE51E900903D96 /* Apollo.swift in Sources */,
				28C6969826D8CF420049FA1F /* SceneDelegate.swift in Sources */,
				28C696D226D8EBD10049FA1F /* API.swift in Sources */,
				28C696C626D8D29F0049FA1F /* ApolloNetwork.swift in Sources */,
			);
			runOnlyForDeploymentPostprocessing = 0;
		};
		28C696A426D8CF430049FA1F /* Sources */ = {
			isa = PBXSourcesBuildPhase;
			buildActionMask = 2147483647;
			files = (
				28C696AD26D8CF430049FA1F /* ExampleGraphQLSubscriptionTests.swift in Sources */,
			);
			runOnlyForDeploymentPostprocessing = 0;
		};
		28C696AF26D8CF430049FA1F /* Sources */ = {
			isa = PBXSourcesBuildPhase;
			buildActionMask = 2147483647;
			files = (
				28C696B826D8CF430049FA1F /* ExampleGraphQLSubscriptionUITests.swift in Sources */,
			);
			runOnlyForDeploymentPostprocessing = 0;
		};
/* End PBXSourcesBuildPhase section */

/* Begin PBXTargetDependency section */
		28C696AA26D8CF430049FA1F /* PBXTargetDependency */ = {
			isa = PBXTargetDependency;
			target = 28C6969126D8CF420049FA1F /* ExampleGraphQLSubscription */;
			targetProxy = 28C696A926D8CF430049FA1F /* PBXContainerItemProxy */;
		};
		28C696B526D8CF430049FA1F /* PBXTargetDependency */ = {
			isa = PBXTargetDependency;
			target = 28C6969126D8CF420049FA1F /* ExampleGraphQLSubscription */;
			targetProxy = 28C696B426D8CF430049FA1F /* PBXContainerItemProxy */;
		};
/* End PBXTargetDependency section */

/* Begin PBXVariantGroup section */
		28C6969B26D8CF420049FA1F /* Main.storyboard */ = {
			isa = PBXVariantGroup;
			children = (
				28C6969C26D8CF420049FA1F /* Base */,
			);
			name = Main.storyboard;
			sourceTree = "<group>";
		};
		28C696A026D8CF430049FA1F /* LaunchScreen.storyboard */ = {
			isa = PBXVariantGroup;
			children = (
				28C696A126D8CF430049FA1F /* Base */,
			);
			name = LaunchScreen.storyboard;
			sourceTree = "<group>";
		};
/* End PBXVariantGroup section */

/* Begin XCBuildConfiguration section */
		28C696BA26D8CF430049FA1F /* Debug */ = {
			isa = XCBuildConfiguration;
			buildSettings = {
				ALWAYS_SEARCH_USER_PATHS = NO;
				CLANG_ANALYZER_NONNULL = YES;
				CLANG_ANALYZER_NUMBER_OBJECT_CONVERSION = YES_AGGRESSIVE;
				CLANG_CXX_LANGUAGE_STANDARD = "gnu++14";
				CLANG_CXX_LIBRARY = "libc++";
				CLANG_ENABLE_MODULES = YES;
				CLANG_ENABLE_OBJC_ARC = YES;
				CLANG_ENABLE_OBJC_WEAK = YES;
				CLANG_WARN_BLOCK_CAPTURE_AUTORELEASING = YES;
				CLANG_WARN_BOOL_CONVERSION = YES;
				CLANG_WARN_COMMA = YES;
				CLANG_WARN_CONSTANT_CONVERSION = YES;
				CLANG_WARN_DEPRECATED_OBJC_IMPLEMENTATIONS = YES;
				CLANG_WARN_DIRECT_OBJC_ISA_USAGE = YES_ERROR;
				CLANG_WARN_DOCUMENTATION_COMMENTS = YES;
				CLANG_WARN_EMPTY_BODY = YES;
				CLANG_WARN_ENUM_CONVERSION = YES;
				CLANG_WARN_INFINITE_RECURSION = YES;
				CLANG_WARN_INT_CONVERSION = YES;
				CLANG_WARN_NON_LITERAL_NULL_CONVERSION = YES;
				CLANG_WARN_OBJC_IMPLICIT_RETAIN_SELF = YES;
				CLANG_WARN_OBJC_LITERAL_CONVERSION = YES;
				CLANG_WARN_OBJC_ROOT_CLASS = YES_ERROR;
				CLANG_WARN_QUOTED_INCLUDE_IN_FRAMEWORK_HEADER = YES;
				CLANG_WARN_RANGE_LOOP_ANALYSIS = YES;
				CLANG_WARN_STRICT_PROTOTYPES = YES;
				CLANG_WARN_SUSPICIOUS_MOVE = YES;
				CLANG_WARN_UNGUARDED_AVAILABILITY = YES_AGGRESSIVE;
				CLANG_WARN_UNREACHABLE_CODE = YES;
				CLANG_WARN__DUPLICATE_METHOD_MATCH = YES;
				COPY_PHASE_STRIP = NO;
				DEBUG_INFORMATION_FORMAT = dwarf;
				ENABLE_STRICT_OBJC_MSGSEND = YES;
				ENABLE_TESTABILITY = YES;
				GCC_C_LANGUAGE_STANDARD = gnu11;
				GCC_DYNAMIC_NO_PIC = NO;
				GCC_NO_COMMON_BLOCKS = YES;
				GCC_OPTIMIZATION_LEVEL = 0;
				GCC_PREPROCESSOR_DEFINITIONS = (
					"DEBUG=1",
					"$(inherited)",
				);
				GCC_WARN_64_TO_32_BIT_CONVERSION = YES;
				GCC_WARN_ABOUT_RETURN_TYPE = YES_ERROR;
				GCC_WARN_UNDECLARED_SELECTOR = YES;
				GCC_WARN_UNINITIALIZED_AUTOS = YES_AGGRESSIVE;
				GCC_WARN_UNUSED_FUNCTION = YES;
				GCC_WARN_UNUSED_VARIABLE = YES;
				IPHONEOS_DEPLOYMENT_TARGET = 14.5;
				MTL_ENABLE_DEBUG_INFO = INCLUDE_SOURCE;
				MTL_FAST_MATH = YES;
				ONLY_ACTIVE_ARCH = YES;
				SDKROOT = iphoneos;
				SWIFT_ACTIVE_COMPILATION_CONDITIONS = DEBUG;
				SWIFT_OPTIMIZATION_LEVEL = "-Onone";
			};
			name = Debug;
		};
		28C696BB26D8CF430049FA1F /* Release */ = {
			isa = XCBuildConfiguration;
			buildSettings = {
				ALWAYS_SEARCH_USER_PATHS = NO;
				CLANG_ANALYZER_NONNULL = YES;
				CLANG_ANALYZER_NUMBER_OBJECT_CONVERSION = YES_AGGRESSIVE;
				CLANG_CXX_LANGUAGE_STANDARD = "gnu++14";
				CLANG_CXX_LIBRARY = "libc++";
				CLANG_ENABLE_MODULES = YES;
				CLANG_ENABLE_OBJC_ARC = YES;
				CLANG_ENABLE_OBJC_WEAK = YES;
				CLANG_WARN_BLOCK_CAPTURE_AUTORELEASING = YES;
				CLANG_WARN_BOOL_CONVERSION = YES;
				CLANG_WARN_COMMA = YES;
				CLANG_WARN_CONSTANT_CONVERSION = YES;
				CLANG_WARN_DEPRECATED_OBJC_IMPLEMENTATIONS = YES;
				CLANG_WARN_DIRECT_OBJC_ISA_USAGE = YES_ERROR;
				CLANG_WARN_DOCUMENTATION_COMMENTS = YES;
				CLANG_WARN_EMPTY_BODY = YES;
				CLANG_WARN_ENUM_CONVERSION = YES;
				CLANG_WARN_INFINITE_RECURSION = YES;
				CLANG_WARN_INT_CONVERSION = YES;
				CLANG_WARN_NON_LITERAL_NULL_CONVERSION = YES;
				CLANG_WARN_OBJC_IMPLICIT_RETAIN_SELF = YES;
				CLANG_WARN_OBJC_LITERAL_CONVERSION = YES;
				CLANG_WARN_OBJC_ROOT_CLASS = YES_ERROR;
				CLANG_WARN_QUOTED_INCLUDE_IN_FRAMEWORK_HEADER = YES;
				CLANG_WARN_RANGE_LOOP_ANALYSIS = YES;
				CLANG_WARN_STRICT_PROTOTYPES = YES;
				CLANG_WARN_SUSPICIOUS_MOVE = YES;
				CLANG_WARN_UNGUARDED_AVAILABILITY = YES_AGGRESSIVE;
				CLANG_WARN_UNREACHABLE_CODE = YES;
				CLANG_WARN__DUPLICATE_METHOD_MATCH = YES;
				COPY_PHASE_STRIP = NO;
				DEBUG_INFORMATION_FORMAT = "dwarf-with-dsym";
				ENABLE_NS_ASSERTIONS = NO;
				ENABLE_STRICT_OBJC_MSGSEND = YES;
				GCC_C_LANGUAGE_STANDARD = gnu11;
				GCC_NO_COMMON_BLOCKS = YES;
				GCC_WARN_64_TO_32_BIT_CONVERSION = YES;
				GCC_WARN_ABOUT_RETURN_TYPE = YES_ERROR;
				GCC_WARN_UNDECLARED_SELECTOR = YES;
				GCC_WARN_UNINITIALIZED_AUTOS = YES_AGGRESSIVE;
				GCC_WARN_UNUSED_FUNCTION = YES;
				GCC_WARN_UNUSED_VARIABLE = YES;
				IPHONEOS_DEPLOYMENT_TARGET = 14.5;
				MTL_ENABLE_DEBUG_INFO = NO;
				MTL_FAST_MATH = YES;
				SDKROOT = iphoneos;
				SWIFT_COMPILATION_MODE = wholemodule;
				SWIFT_OPTIMIZATION_LEVEL = "-O";
				VALIDATE_PRODUCT = YES;
			};
			name = Release;
		};
		28C696BD26D8CF430049FA1F /* Debug */ = {
			isa = XCBuildConfiguration;
			baseConfigurationReference = 07504BC29E236E4BB3E1E65A /* Pods-ExampleGraphQLSubscription.debug.xcconfig */;
			buildSettings = {
				ASSETCATALOG_COMPILER_APPICON_NAME = AppIcon;
				ASSETCATALOG_COMPILER_GLOBAL_ACCENT_COLOR_NAME = AccentColor;
				CODE_SIGN_STYLE = Automatic;
				DEVELOPMENT_TEAM = YSBF6KK9FM;
				INFOPLIST_FILE = ExampleGraphQLSubscription/Info.plist;
				LD_RUNPATH_SEARCH_PATHS = (
					"$(inherited)",
					"@executable_path/Frameworks",
				);
				PRODUCT_BUNDLE_IDENTIFIER = graphql.ExampleGraphQLSubscription;
				PRODUCT_NAME = "$(TARGET_NAME)";
				SWIFT_VERSION = 5.0;
				TARGETED_DEVICE_FAMILY = "1,2";
			};
			name = Debug;
		};
		28C696BE26D8CF430049FA1F /* Release */ = {
			isa = XCBuildConfiguration;
			baseConfigurationReference = C0113D5738674EA292061020 /* Pods-ExampleGraphQLSubscription.release.xcconfig */;
			buildSettings = {
				ASSETCATALOG_COMPILER_APPICON_NAME = AppIcon;
				ASSETCATALOG_COMPILER_GLOBAL_ACCENT_COLOR_NAME = AccentColor;
				CODE_SIGN_STYLE = Automatic;
				DEVELOPMENT_TEAM = YSBF6KK9FM;
				INFOPLIST_FILE = ExampleGraphQLSubscription/Info.plist;
				LD_RUNPATH_SEARCH_PATHS = (
					"$(inherited)",
					"@executable_path/Frameworks",
				);
				PRODUCT_BUNDLE_IDENTIFIER = graphql.ExampleGraphQLSubscription;
				PRODUCT_NAME = "$(TARGET_NAME)";
				SWIFT_VERSION = 5.0;
				TARGETED_DEVICE_FAMILY = "1,2";
			};
			name = Release;
		};
		28C696C026D8CF430049FA1F /* Debug */ = {
			isa = XCBuildConfiguration;
			baseConfigurationReference = 2549DE6ADA6FFAF62866F706 /* Pods-ExampleGraphQLSubscriptionTests.debug.xcconfig */;
			buildSettings = {
				ALWAYS_EMBED_SWIFT_STANDARD_LIBRARIES = YES;
				BUNDLE_LOADER = "$(TEST_HOST)";
				CODE_SIGN_STYLE = Automatic;
				DEVELOPMENT_TEAM = YSBF6KK9FM;
				INFOPLIST_FILE = ExampleGraphQLSubscriptionTests/Info.plist;
				IPHONEOS_DEPLOYMENT_TARGET = 14.5;
				LD_RUNPATH_SEARCH_PATHS = (
					"$(inherited)",
					"@executable_path/Frameworks",
					"@loader_path/Frameworks",
				);
				PRODUCT_BUNDLE_IDENTIFIER = graphql.ExampleGraphQLSubscriptionTests;
				PRODUCT_NAME = "$(TARGET_NAME)";
				SWIFT_VERSION = 5.0;
				TARGETED_DEVICE_FAMILY = "1,2";
				TEST_HOST = "$(BUILT_PRODUCTS_DIR)/ExampleGraphQLSubscription.app/ExampleGraphQLSubscription";
			};
			name = Debug;
		};
		28C696C126D8CF430049FA1F /* Release */ = {
			isa = XCBuildConfiguration;
			baseConfigurationReference = A42618C1D6B1328BBF91BE06 /* Pods-ExampleGraphQLSubscriptionTests.release.xcconfig */;
			buildSettings = {
				ALWAYS_EMBED_SWIFT_STANDARD_LIBRARIES = YES;
				BUNDLE_LOADER = "$(TEST_HOST)";
				CODE_SIGN_STYLE = Automatic;
				DEVELOPMENT_TEAM = YSBF6KK9FM;
				INFOPLIST_FILE = ExampleGraphQLSubscriptionTests/Info.plist;
				IPHONEOS_DEPLOYMENT_TARGET = 14.5;
				LD_RUNPATH_SEARCH_PATHS = (
					"$(inherited)",
					"@executable_path/Frameworks",
					"@loader_path/Frameworks",
				);
				PRODUCT_BUNDLE_IDENTIFIER = graphql.ExampleGraphQLSubscriptionTests;
				PRODUCT_NAME = "$(TARGET_NAME)";
				SWIFT_VERSION = 5.0;
				TARGETED_DEVICE_FAMILY = "1,2";
				TEST_HOST = "$(BUILT_PRODUCTS_DIR)/ExampleGraphQLSubscription.app/ExampleGraphQLSubscription";
			};
			name = Release;
		};
		28C696C326D8CF430049FA1F /* Debug */ = {
			isa = XCBuildConfiguration;
			baseConfigurationReference = 43C6027BC937C2222CD1AF1A /* Pods-ExampleGraphQLSubscription-ExampleGraphQLSubscriptionUITests.debug.xcconfig */;
			buildSettings = {
				ALWAYS_EMBED_SWIFT_STANDARD_LIBRARIES = YES;
				CODE_SIGN_STYLE = Automatic;
				DEVELOPMENT_TEAM = YSBF6KK9FM;
				INFOPLIST_FILE = ExampleGraphQLSubscriptionUITests/Info.plist;
				LD_RUNPATH_SEARCH_PATHS = (
					"$(inherited)",
					"@executable_path/Frameworks",
					"@loader_path/Frameworks",
				);
				PRODUCT_BUNDLE_IDENTIFIER = graphql.ExampleGraphQLSubscriptionUITests;
				PRODUCT_NAME = "$(TARGET_NAME)";
				SWIFT_VERSION = 5.0;
				TARGETED_DEVICE_FAMILY = "1,2";
				TEST_TARGET_NAME = ExampleGraphQLSubscription;
			};
			name = Debug;
		};
		28C696C426D8CF430049FA1F /* Release */ = {
			isa = XCBuildConfiguration;
			baseConfigurationReference = 15B8D6F3D2A9B0E399274E11 /* Pods-ExampleGraphQLSubscription-ExampleGraphQLSubscriptionUITests.release.xcconfig */;
			buildSettings = {
				ALWAYS_EMBED_SWIFT_STANDARD_LIBRARIES = YES;
				CODE_SIGN_STYLE = Automatic;
				DEVELOPMENT_TEAM = YSBF6KK9FM;
				INFOPLIST_FILE = ExampleGraphQLSubscriptionUITests/Info.plist;
				LD_RUNPATH_SEARCH_PATHS = (
					"$(inherited)",
					"@executable_path/Frameworks",
					"@loader_path/Frameworks",
				);
				PRODUCT_BUNDLE_IDENTIFIER = graphql.ExampleGraphQLSubscriptionUITests;
				PRODUCT_NAME = "$(TARGET_NAME)";
				SWIFT_VERSION = 5.0;
				TARGETED_DEVICE_FAMILY = "1,2";
				TEST_TARGET_NAME = ExampleGraphQLSubscription;
			};
			name = Release;
		};
/* End XCBuildConfiguration section */

/* Begin XCConfigurationList section */
		28C6968D26D8CF420049FA1F /* Build configuration list for PBXProject "ExampleGraphQLSubscription" */ = {
			isa = XCConfigurationList;
			buildConfigurations = (
				28C696BA26D8CF430049FA1F /* Debug */,
				28C696BB26D8CF430049FA1F /* Release */,
			);
			defaultConfigurationIsVisible = 0;
			defaultConfigurationName = Release;
		};
		28C696BC26D8CF430049FA1F /* Build configuration list for PBXNativeTarget "ExampleGraphQLSubscription" */ = {
			isa = XCConfigurationList;
			buildConfigurations = (
				28C696BD26D8CF430049FA1F /* Debug */,
				28C696BE26D8CF430049FA1F /* Release */,
			);
			defaultConfigurationIsVisible = 0;
			defaultConfigurationName = Release;
		};
		28C696BF26D8CF430049FA1F /* Build configuration list for PBXNativeTarget "ExampleGraphQLSubscriptionTests" */ = {
			isa = XCConfigurationList;
			buildConfigurations = (
				28C696C026D8CF430049FA1F /* Debug */,
				28C696C126D8CF430049FA1F /* Release */,
			);
			defaultConfigurationIsVisible = 0;
			defaultConfigurationName = Release;
		};
		28C696C226D8CF430049FA1F /* Build configuration list for PBXNativeTarget "ExampleGraphQLSubscriptionUITests" */ = {
			isa = XCConfigurationList;
			buildConfigurations = (
				28C696C326D8CF430049FA1F /* Debug */,
				28C696C426D8CF430049FA1F /* Release */,
			);
			defaultConfigurationIsVisible = 0;
			defaultConfigurationName = Release;
		};
/* End XCConfigurationList section */
	};
	rootObject = 28C6968A26D8CF420049FA1F /* Project object */;
}
